
Microsoft Visual Studio Solution File, Format Version 12.00
# Visual Studio Version 17
VisualStudioVersion = 17.0.31903.59
MinimumVisualStudioVersion = 10.0.40219.1
Project("{2150E333-8FDC-42A3-9474-1A3956D46DE8}") = "src", "src", "{F85CC260-5594-48C0-A4CE-2019342ABCAB}"
EndProject
Project("{6EC3EE1D-3C4E-46DD-8F32-0CC8E7565705}") = "Functional.HiveOAutomatic.Core", "src\Functional.HiveOAutomatic.Core\Functional.HiveOAutomatic.Core.fsproj", "{B7C9AC42-DD23-4758-843D-0EE6742A7B63}"
EndProject
Project("{2150E333-8FDC-42A3-9474-1A3956D46DE8}") = "test", "test", "{43E9CD43-AF90-410B-83C9-20A95FD9C17E}"
EndProject
Project("{F2A71F9B-5D33-465A-A702-920D77279786}") = "Functional.HiveOAutomatic.Tests", "test\Functional.HiveOAutomatic.Tests\Functional.HiveOAutomatic.Tests.fsproj", "{81968BFB-340C-4E6E-9039-24901F0FB5C9}"
EndProject
Global
	GlobalSection(SolutionConfigurationPlatforms) = preSolution
		Debug|Any CPU = Debug|Any CPU
		Release|Any CPU = Release|Any CPU
	EndGlobalSection
	GlobalSection(ProjectConfigurationPlatforms) = postSolution
		{B7C9AC42-DD23-4758-843D-0EE6742A7B63}.Debug|Any CPU.ActiveCfg = Debug|Any CPU
		{B7C9AC42-DD23-4758-843D-0EE6742A7B63}.Debug|Any CPU.Build.0 = Debug|Any CPU
		{B7C9AC42-DD23-4758-843D-0EE6742A7B63}.Release|Any CPU.ActiveCfg = Release|Any CPU
		{B7C9AC42-DD23-4758-843D-0EE6742A7B63}.Release|Any CPU.Build.0 = Release|Any CPU
		{81968BFB-340C-4E6E-9039-24901F0FB5C9}.Debug|Any CPU.ActiveCfg = Debug|Any CPU
		{81968BFB-340C-4E6E-9039-24901F0FB5C9}.Debug|Any CPU.Build.0 = Debug|Any CPU
		{81968BFB-340C-4E6E-9039-24901F0FB5C9}.Release|Any CPU.ActiveCfg = Release|Any CPU
		{81968BFB-340C-4E6E-9039-24901F0FB5C9}.Release|Any CPU.Build.0 = Release|Any CPU
	EndGlobalSection
	GlobalSection(SolutionProperties) = preSolution
		HideSolutionNode = FALSE
	EndGlobalSection
	GlobalSection(NestedProjects) = preSolution
		{B7C9AC42-DD23-4758-843D-0EE6742A7B63} = {F85CC260-5594-48C0-A4CE-2019342ABCAB}
		{81968BFB-340C-4E6E-9039-24901F0FB5C9} = {43E9CD43-AF90-410B-83C9-20A95FD9C17E}
	EndGlobalSection
	GlobalSection(ExtensibilityGlobals) = postSolution
		SolutionGuid = {0F60D737-597D-4CE0-94EB-0CE960EF3735}
	EndGlobalSection
EndGlobal
